
Microsoft Visual Studio Solution File, Format Version 12.00
# Visual Studio 15
VisualStudioVersion = 15.0.27130.2027
MinimumVisualStudioVersion = 10.0.40219.1
Project("{FAE04EC0-301F-11D3-BF4B-00C04F79EFBC}") = "TestingXamarin.Android", "TestingXamarin\TestingXamarin.Android\TestingXamarin.Android.csproj", "{1A89EE5A-F751-4220-B60B-CE7A6116D5D0}"
EndProject
Project("{FAE04EC0-301F-11D3-BF4B-00C04F79EFBC}") = "TestingXamarin.iOS", "TestingXamarin\TestingXamarin.iOS\TestingXamarin.iOS.csproj", "{D2D014B0-F74D-4A7F-983C-B74D4021F43F}"
EndProject
Project("{FAE04EC0-301F-11D3-BF4B-00C04F79EFBC}") = "TestingXamarin.UWP", "TestingXamarin\TestingXamarin.UWP\TestingXamarin.UWP.csproj", "{1989A756-FD52-468D-A205-F123B781675F}"
EndProject
Project("{D954291E-2A0B-460D-934E-DC6B0785DB48}") = "TestingXamarin", "TestingXamarin\TestingXamarin\TestingXamarin.shproj", "{913A7A90-334B-433A-9560-A48C54A8BEF0}"
EndProject
Global
	GlobalSection(SharedMSBuildProjectFiles) = preSolution
		TestingXamarin\TestingXamarin\TestingXamarin.projitems*{1989a756-fd52-468d-a205-f123b781675f}*SharedItemsImports = 4
		TestingXamarin\TestingXamarin\TestingXamarin.projitems*{1a89ee5a-f751-4220-b60b-ce7a6116d5d0}*SharedItemsImports = 4
		TestingXamarin\TestingXamarin\TestingXamarin.projitems*{913a7a90-334b-433a-9560-a48c54a8bef0}*SharedItemsImports = 13
		TestingXamarin\TestingXamarin\TestingXamarin.projitems*{d2d014b0-f74d-4a7f-983c-b74d4021f43f}*SharedItemsImports = 4
	EndGlobalSection
	GlobalSection(SolutionConfigurationPlatforms) = preSolution
		Ad-Hoc|Any CPU = Ad-Hoc|Any CPU
		Ad-Hoc|ARM = Ad-Hoc|ARM
		Ad-Hoc|iPhone = Ad-Hoc|iPhone
		Ad-Hoc|iPhoneSimulator = Ad-Hoc|iPhoneSimulator
		Ad-Hoc|x64 = Ad-Hoc|x64
		Ad-Hoc|x86 = Ad-Hoc|x86
		AppStore|Any CPU = AppStore|Any CPU
		AppStore|ARM = AppStore|ARM
		AppStore|iPhone = AppStore|iPhone
		AppStore|iPhoneSimulator = AppStore|iPhoneSimulator
		AppStore|x64 = AppStore|x64
		AppStore|x86 = AppStore|x86
		Debug|Any CPU = Debug|Any CPU
		Debug|ARM = Debug|ARM
		Debug|iPhone = Debug|iPhone
		Debug|iPhoneSimulator = Debug|iPhoneSimulator
		Debug|x64 = Debug|x64
		Debug|x86 = Debug|x86
		Release|Any CPU = Release|Any CPU
		Release|ARM = Release|ARM
		Release|iPhone = Release|iPhone
		Release|iPhoneSimulator = Release|iPhoneSimulator
		Release|x64 = Release|x64
		Release|x86 = Release|x86
	EndGlobalSection
	GlobalSection(ProjectConfigurationPlatforms) = postSolution
		{1A89EE5A-F751-4220-B60B-CE7A6116D5D0}.Ad-Hoc|Any CPU.ActiveCfg = Release|Any CPU
		{1A89EE5A-F751-4220-B60B-CE7A6116D5D0}.Ad-Hoc|Any CPU.Build.0 = Release|Any CPU
		{1A89EE5A-F751-4220-B60B-CE7A6116D5D0}.Ad-Hoc|Any CPU.Deploy.0 = Release|Any CPU
		{1A89EE5A-F751-4220-B60B-CE7A6116D5D0}.Ad-Hoc|ARM.ActiveCfg = Release|Any CPU
		{1A89EE5A-F751-4220-B60B-CE7A6116D5D0}.Ad-Hoc|ARM.Build.0 = Release|Any CPU
		{1A89EE5A-F751-4220-B60B-CE7A6116D5D0}.Ad-Hoc|ARM.Deploy.0 = Release|Any CPU
		{1A89EE5A-F751-4220-B60B-CE7A6116D5D0}.Ad-Hoc|iPhone.ActiveCfg = Release|Any CPU
		{1A89EE5A-F751-4220-B60B-CE7A6116D5D0}.Ad-Hoc|iPhone.Build.0 = Release|Any CPU
		{1A89EE5A-F751-4220-B60B-CE7A6116D5D0}.Ad-Hoc|iPhone.Deploy.0 = Release|Any CPU
		{1A89EE5A-F751-4220-B60B-CE7A6116D5D0}.Ad-Hoc|iPhoneSimulator.ActiveCfg = Release|Any CPU
		{1A89EE5A-F751-4220-B60B-CE7A6116D5D0}.Ad-Hoc|iPhoneSimulator.Build.0 = Release|Any CPU
		{1A89EE5A-F751-4220-B60B-CE7A6116D5D0}.Ad-Hoc|iPhoneSimulator.Deploy.0 = Release|Any CPU
		{1A89EE5A-F751-4220-B60B-CE7A6116D5D0}.Ad-Hoc|x64.ActiveCfg = Release|Any CPU
		{1A89EE5A-F751-4220-B60B-CE7A6116D5D0}.Ad-Hoc|x64.Build.0 = Release|Any CPU
		{1A89EE5A-F751-4220-B60B-CE7A6116D5D0}.Ad-Hoc|x64.Deploy.0 = Release|Any CPU
		{1A89EE5A-F751-4220-B60B-CE7A6116D5D0}.Ad-Hoc|x86.ActiveCfg = Release|Any CPU
		{1A89EE5A-F751-4220-B60B-CE7A6116D5D0}.Ad-Hoc|x86.Build.0 = Release|Any CPU
		{1A89EE5A-F751-4220-B60B-CE7A6116D5D0}.Ad-Hoc|x86.Deploy.0 = Release|Any CPU
		{1A89EE5A-F751-4220-B60B-CE7A6116D5D0}.AppStore|Any CPU.ActiveCfg = Release|Any CPU
		{1A89EE5A-F751-4220-B60B-CE7A6116D5D0}.AppStore|Any CPU.Build.0 = Release|Any CPU
		{1A89EE5A-F751-4220-B60B-CE7A6116D5D0}.AppStore|Any CPU.Deploy.0 = Release|Any CPU
		{1A89EE5A-F751-4220-B60B-CE7A6116D5D0}.AppStore|ARM.ActiveCfg = Release|Any CPU
		{1A89EE5A-F751-4220-B60B-CE7A6116D5D0}.AppStore|ARM.Build.0 = Release|Any CPU
		{1A89EE5A-F751-4220-B60B-CE7A6116D5D0}.AppStore|ARM.Deploy.0 = Release|Any CPU
		{1A89EE5A-F751-4220-B60B-CE7A6116D5D0}.AppStore|iPhone.ActiveCfg = Release|Any CPU
		{1A89EE5A-F751-4220-B60B-CE7A6116D5D0}.AppStore|iPhone.Build.0 = Release|Any CPU
		{1A89EE5A-F751-4220-B60B-CE7A6116D5D0}.AppStore|iPhone.Deploy.0 = Release|Any CPU
		{1A89EE5A-F751-4220-B60B-CE7A6116D5D0}.AppStore|iPhoneSimulator.ActiveCfg = Release|Any CPU
		{1A89EE5A-F751-4220-B60B-CE7A6116D5D0}.AppStore|iPhoneSimulator.Build.0 = Release|Any CPU
		{1A89EE5A-F751-4220-B60B-CE7A6116D5D0}.AppStore|iPhoneSimulator.Deploy.0 = Release|Any CPU
		{1A89EE5A-F751-4220-B60B-CE7A6116D5D0}.AppStore|x64.ActiveCfg = Release|Any CPU
		{1A89EE5A-F751-4220-B60B-CE7A6116D5D0}.AppStore|x64.Build.0 = Release|Any CPU
		{1A89EE5A-F751-4220-B60B-CE7A6116D5D0}.AppStore|x64.Deploy.0 = Release|Any CPU
		{1A89EE5A-F751-4220-B60B-CE7A6116D5D0}.AppStore|x86.ActiveCfg = Release|Any CPU
		{1A89EE5A-F751-4220-B60B-CE7A6116D5D0}.AppStore|x86.Build.0 = Release|Any CPU
		{1A89EE5A-F751-4220-B60B-CE7A6116D5D0}.AppStore|x86.Deploy.0 = Release|Any CPU
		{1A89EE5A-F751-4220-B60B-CE7A6116D5D0}.Debug|Any CPU.ActiveCfg = Debug|Any CPU
		{1A89EE5A-F751-4220-B60B-CE7A6116D5D0}.Debug|Any CPU.Build.0 = Debug|Any CPU
		{1A89EE5A-F751-4220-B60B-CE7A6116D5D0}.Debug|Any CPU.Deploy.0 = Debug|Any CPU
		{1A89EE5A-F751-4220-B60B-CE7A6116D5D0}.Debug|ARM.ActiveCfg = Debug|Any CPU
		{1A89EE5A-F751-4220-B60B-CE7A6116D5D0}.Debug|ARM.Build.0 = Debug|Any CPU
		{1A89EE5A-F751-4220-B60B-CE7A6116D5D0}.Debug|ARM.Deploy.0 = Debug|Any CPU
		{1A89EE5A-F751-4220-B60B-CE7A6116D5D0}.Debug|iPhone.ActiveCfg = Debug|Any CPU
		{1A89EE5A-F751-4220-B60B-CE7A6116D5D0}.Debug|iPhone.Build.0 = Debug|Any CPU
		{1A89EE5A-F751-4220-B60B-CE7A6116D5D0}.Debug|iPhone.Deploy.0 = Debug|Any CPU
		{1A89EE5A-F751-4220-B60B-CE7A6116D5D0}.Debug|iPhoneSimulator.ActiveCfg = Debug|Any CPU
		{1A89EE5A-F751-4220-B60B-CE7A6116D5D0}.Debug|iPhoneSimulator.Build.0 = Debug|Any CPU
		{1A89EE5A-F751-4220-B60B-CE7A6116D5D0}.Debug|iPhoneSimulator.Deploy.0 = Debug|Any CPU
		{1A89EE5A-F751-4220-B60B-CE7A6116D5D0}.Debug|x64.ActiveCfg = Debug|Any CPU
		{1A89EE5A-F751-4220-B60B-CE7A6116D5D0}.Debug|x64.Build.0 = Debug|Any CPU
		{1A89EE5A-F751-4220-B60B-CE7A6116D5D0}.Debug|x64.Deploy.0 = Debug|Any CPU
		{1A89EE5A-F751-4220-B60B-CE7A6116D5D0}.Debug|x86.ActiveCfg = Debug|Any CPU
		{1A89EE5A-F751-4220-B60B-CE7A6116D5D0}.Debug|x86.Build.0 = Debug|Any CPU
		{1A89EE5A-F751-4220-B60B-CE7A6116D5D0}.Debug|x86.Deploy.0 = Debug|Any CPU
		{1A89EE5A-F751-4220-B60B-CE7A6116D5D0}.Release|Any CPU.ActiveCfg = Release|Any CPU
		{1A89EE5A-F751-4220-B60B-CE7A6116D5D0}.Release|Any CPU.Build.0 = Release|Any CPU
		{1A89EE5A-F751-4220-B60B-CE7A6116D5D0}.Release|Any CPU.Deploy.0 = Release|Any CPU
		{1A89EE5A-F751-4220-B60B-CE7A6116D5D0}.Release|ARM.ActiveCfg = Release|Any CPU
		{1A89EE5A-F751-4220-B60B-CE7A6116D5D0}.Release|ARM.Build.0 = Release|Any CPU
		{1A89EE5A-F751-4220-B60B-CE7A6116D5D0}.Release|ARM.Deploy.0 = Release|Any CPU
		{1A89EE5A-F751-4220-B60B-CE7A6116D5D0}.Release|iPhone.ActiveCfg = Release|Any CPU
		{1A89EE5A-F751-4220-B60B-CE7A6116D5D0}.Release|iPhone.Build.0 = Release|Any CPU
		{1A89EE5A-F751-4220-B60B-CE7A6116D5D0}.Release|iPhone.Deploy.0 = Release|Any CPU
		{1A89EE5A-F751-4220-B60B-CE7A6116D5D0}.Release|iPhoneSimulator.ActiveCfg = Release|Any CPU
		{1A89EE5A-F751-4220-B60B-CE7A6116D5D0}.Release|iPhoneSimulator.Build.0 = Release|Any CPU
		{1A89EE5A-F751-4220-B60B-CE7A6116D5D0}.Release|iPhoneSimulator.Deploy.0 = Release|Any CPU
		{1A89EE5A-F751-4220-B60B-CE7A6116D5D0}.Release|x64.ActiveCfg = Release|Any CPU
		{1A89EE5A-F751-4220-B60B-CE7A6116D5D0}.Release|x64.Build.0 = Release|Any CPU
		{1A89EE5A-F751-4220-B60B-CE7A6116D5D0}.Release|x64.Deploy.0 = Release|Any CPU
		{1A89EE5A-F751-4220-B60B-CE7A6116D5D0}.Release|x86.ActiveCfg = Release|Any CPU
		{1A89EE5A-F751-4220-B60B-CE7A6116D5D0}.Release|x86.Build.0 = Release|Any CPU
		{1A89EE5A-F751-4220-B60B-CE7A6116D5D0}.Release|x86.Deploy.0 = Release|Any CPU
		{D2D014B0-F74D-4A7F-983C-B74D4021F43F}.Ad-Hoc|Any CPU.ActiveCfg = Ad-Hoc|iPhone
		{D2D014B0-F74D-4A7F-983C-B74D4021F43F}.Ad-Hoc|ARM.ActiveCfg = Ad-Hoc|iPhone
		{D2D014B0-F74D-4A7F-983C-B74D4021F43F}.Ad-Hoc|iPhone.ActiveCfg = Ad-Hoc|iPhone
		{D2D014B0-F74D-4A7F-983C-B74D4021F43F}.Ad-Hoc|iPhone.Build.0 = Ad-Hoc|iPhone
		{D2D014B0-F74D-4A7F-983C-B74D4021F43F}.Ad-Hoc|iPhoneSimulator.ActiveCfg = Ad-Hoc|iPhoneSimulator
		{D2D014B0-F74D-4A7F-983C-B74D4021F43F}.Ad-Hoc|iPhoneSimulator.Build.0 = Ad-Hoc|iPhoneSimulator
		{D2D014B0-F74D-4A7F-983C-B74D4021F43F}.Ad-Hoc|x64.ActiveCfg = Ad-Hoc|iPhone
		{D2D014B0-F74D-4A7F-983C-B74D4021F43F}.Ad-Hoc|x86.ActiveCfg = Ad-Hoc|iPhone
		{D2D014B0-F74D-4A7F-983C-B74D4021F43F}.AppStore|Any CPU.ActiveCfg = AppStore|iPhone
		{D2D014B0-F74D-4A7F-983C-B74D4021F43F}.AppStore|ARM.ActiveCfg = AppStore|iPhone
		{D2D014B0-F74D-4A7F-983C-B74D4021F43F}.AppStore|iPhone.ActiveCfg = AppStore|iPhone
		{D2D014B0-F74D-4A7F-983C-B74D4021F43F}.AppStore|iPhone.Build.0 = AppStore|iPhone
		{D2D014B0-F74D-4A7F-983C-B74D4021F43F}.AppStore|iPhoneSimulator.ActiveCfg = AppStore|iPhoneSimulator
		{D2D014B0-F74D-4A7F-983C-B74D4021F43F}.AppStore|iPhoneSimulator.Build.0 = AppStore|iPhoneSimulator
		{D2D014B0-F74D-4A7F-983C-B74D4021F43F}.AppStore|x64.ActiveCfg = AppStore|iPhone
		{D2D014B0-F74D-4A7F-983C-B74D4021F43F}.AppStore|x86.ActiveCfg = AppStore|iPhone
		{D2D014B0-F74D-4A7F-983C-B74D4021F43F}.Debug|Any CPU.ActiveCfg = Debug|iPhone
		{D2D014B0-F74D-4A7F-983C-B74D4021F43F}.Debug|ARM.ActiveCfg = Debug|iPhone
		{D2D014B0-F74D-4A7F-983C-B74D4021F43F}.Debug|iPhone.ActiveCfg = Debug|iPhone
		{D2D014B0-F74D-4A7F-983C-B74D4021F43F}.Debug|iPhone.Build.0 = Debug|iPhone
		{D2D014B0-F74D-4A7F-983C-B74D4021F43F}.Debug|iPhoneSimulator.ActiveCfg = Debug|iPhoneSimulator
		{D2D014B0-F74D-4A7F-983C-B74D4021F43F}.Debug|iPhoneSimulator.Build.0 = Debug|iPhoneSimulator
		{D2D014B0-F74D-4A7F-983C-B74D4021F43F}.Debug|x64.ActiveCfg = Debug|iPhone
		{D2D014B0-F74D-4A7F-983C-B74D4021F43F}.Debug|x86.ActiveCfg = Debug|iPhone
		{D2D014B0-F74D-4A7F-983C-B74D4021F43F}.Release|Any CPU.ActiveCfg = Release|iPhone
		{D2D014B0-F74D-4A7F-983C-B74D4021F43F}.Release|ARM.ActiveCfg = Release|iPhone
		{D2D014B0-F74D-4A7F-983C-B74D4021F43F}.Release|iPhone.ActiveCfg = Release|iPhone
		{D2D014B0-F74D-4A7F-983C-B74D4021F43F}.Release|iPhone.Build.0 = Release|iPhone
		{D2D014B0-F74D-4A7F-983C-B74D4021F43F}.Release|iPhoneSimulator.ActiveCfg = Release|iPhoneSimulator
		{D2D014B0-F74D-4A7F-983C-B74D4021F43F}.Release|iPhoneSimulator.Build.0 = Release|iPhoneSimulator
		{D2D014B0-F74D-4A7F-983C-B74D4021F43F}.Release|x64.ActiveCfg = Release|iPhone
		{D2D014B0-F74D-4A7F-983C-B74D4021F43F}.Release|x86.ActiveCfg = Release|iPhone
		{1989A756-FD52-468D-A205-F123B781675F}.Ad-Hoc|Any CPU.ActiveCfg = Release|x86
		{1989A756-FD52-468D-A205-F123B781675F}.Ad-Hoc|Any CPU.Build.0 = Release|x86
		{1989A756-FD52-468D-A205-F123B781675F}.Ad-Hoc|Any CPU.Deploy.0 = Release|x86
		{1989A756-FD52-468D-A205-F123B781675F}.Ad-Hoc|ARM.ActiveCfg = Release|ARM
		{1989A756-FD52-468D-A205-F123B781675F}.Ad-Hoc|ARM.Build.0 = Release|ARM
		{1989A756-FD52-468D-A205-F123B781675F}.Ad-Hoc|ARM.Deploy.0 = Release|ARM
		{1989A756-FD52-468D-A205-F123B781675F}.Ad-Hoc|iPhone.ActiveCfg = Release|x86
		{1989A756-FD52-468D-A205-F123B781675F}.Ad-Hoc|iPhone.Build.0 = Release|x86
		{1989A756-FD52-468D-A205-F123B781675F}.Ad-Hoc|iPhone.Deploy.0 = Release|x86
		{1989A756-FD52-468D-A205-F123B781675F}.Ad-Hoc|iPhoneSimulator.ActiveCfg = Release|x86
		{1989A756-FD52-468D-A205-F123B781675F}.Ad-Hoc|iPhoneSimulator.Build.0 = Release|x86
		{1989A756-FD52-468D-A205-F123B781675F}.Ad-Hoc|iPhoneSimulator.Deploy.0 = Release|x86
		{1989A756-FD52-468D-A205-F123B781675F}.Ad-Hoc|x64.ActiveCfg = Release|x64
		{1989A756-FD52-468D-A205-F123B781675F}.Ad-Hoc|x64.Build.0 = Release|x64
		{1989A756-FD52-468D-A205-F123B781675F}.Ad-Hoc|x64.Deploy.0 = Release|x64
		{1989A756-FD52-468D-A205-F123B781675F}.Ad-Hoc|x86.ActiveCfg = Release|x86
		{1989A756-FD52-468D-A205-F123B781675F}.Ad-Hoc|x86.Build.0 = Release|x86
		{1989A756-FD52-468D-A205-F123B781675F}.Ad-Hoc|x86.Deploy.0 = Release|x86
		{1989A756-FD52-468D-A205-F123B781675F}.AppStore|Any CPU.ActiveCfg = Release|x86
		{1989A756-FD52-468D-A205-F123B781675F}.AppStore|Any CPU.Build.0 = Release|x86
		{1989A756-FD52-468D-A205-F123B781675F}.AppStore|Any CPU.Deploy.0 = Release|x86
		{1989A756-FD52-468D-A205-F123B781675F}.AppStore|ARM.ActiveCfg = Release|ARM
		{1989A756-FD52-468D-A205-F123B781675F}.AppStore|ARM.Build.0 = Release|ARM
		{1989A756-FD52-468D-A205-F123B781675F}.AppStore|ARM.Deploy.0 = Release|ARM
		{1989A756-FD52-468D-A205-F123B781675F}.AppStore|iPhone.ActiveCfg = Release|x86
		{1989A756-FD52-468D-A205-F123B781675F}.AppStore|iPhone.Build.0 = Release|x86
		{1989A756-FD52-468D-A205-F123B781675F}.AppStore|iPhone.Deploy.0 = Release|x86
		{1989A756-FD52-468D-A205-F123B781675F}.AppStore|iPhoneSimulator.ActiveCfg = Release|x86
		{1989A756-FD52-468D-A205-F123B781675F}.AppStore|iPhoneSimulator.Build.0 = Release|x86
		{1989A756-FD52-468D-A205-F123B781675F}.AppStore|iPhoneSimulator.Deploy.0 = Release|x86
		{1989A756-FD52-468D-A205-F123B781675F}.AppStore|x64.ActiveCfg = Release|x64
		{1989A756-FD52-468D-A205-F123B781675F}.AppStore|x64.Build.0 = Release|x64
		{1989A756-FD52-468D-A205-F123B781675F}.AppStore|x64.Deploy.0 = Release|x64
		{1989A756-FD52-468D-A205-F123B781675F}.AppStore|x86.ActiveCfg = Release|x86
		{1989A756-FD52-468D-A205-F123B781675F}.AppStore|x86.Build.0 = Release|x86
		{1989A756-FD52-468D-A205-F123B781675F}.AppStore|x86.Deploy.0 = Release|x86
		{1989A756-FD52-468D-A205-F123B781675F}.Debug|Any CPU.ActiveCfg = Debug|x86
		{1989A756-FD52-468D-A205-F123B781675F}.Debug|ARM.ActiveCfg = Debug|ARM
		{1989A756-FD52-468D-A205-F123B781675F}.Debug|ARM.Build.0 = Debug|ARM
		{1989A756-FD52-468D-A205-F123B781675F}.Debug|ARM.Deploy.0 = Debug|ARM
		{1989A756-FD52-468D-A205-F123B781675F}.Debug|iPhone.ActiveCfg = Debug|x86
		{1989A756-FD52-468D-A205-F123B781675F}.Debug|iPhoneSimulator.ActiveCfg = Debug|x86
		{1989A756-FD52-468D-A205-F123B781675F}.Debug|x64.ActiveCfg = Debug|x64
		{1989A756-FD52-468D-A205-F123B781675F}.Debug|x64.Build.0 = Debug|x64
		{1989A756-FD52-468D-A205-F123B781675F}.Debug|x64.Deploy.0 = Debug|x64
		{1989A756-FD52-468D-A205-F123B781675F}.Debug|x86.ActiveCfg = Debug|x86
		{1989A756-FD52-468D-A205-F123B781675F}.Debug|x86.Build.0 = Debug|x86
		{1989A756-FD52-468D-A205-F123B781675F}.Debug|x86.Deploy.0 = Debug|x86
		{1989A756-FD52-468D-A205-F123B781675F}.Release|Any CPU.ActiveCfg = Release|x86
		{1989A756-FD52-468D-A205-F123B781675F}.Release|ARM.ActiveCfg = Release|ARM
		{1989A756-FD52-468D-A205-F123B781675F}.Release|ARM.Build.0 = Release|ARM
		{1989A756-FD52-468D-A205-F123B781675F}.Release|ARM.Deploy.0 = Release|ARM
		{1989A756-FD52-468D-A205-F123B781675F}.Release|iPhone.ActiveCfg = Release|x86
		{1989A756-FD52-468D-A205-F123B781675F}.Release|iPhoneSimulator.ActiveCfg = Release|x86
		{1989A756-FD52-468D-A205-F123B781675F}.Release|x64.ActiveCfg = Release|x64
		{1989A756-FD52-468D-A205-F123B781675F}.Release|x64.Build.0 = Release|x64
		{1989A756-FD52-468D-A205-F123B781675F}.Release|x64.Deploy.0 = Release|x64
		{1989A756-FD52-468D-A205-F123B781675F}.Release|x86.ActiveCfg = Release|x86
		{1989A756-FD52-468D-A205-F123B781675F}.Release|x86.Build.0 = Release|x86
		{1989A756-FD52-468D-A205-F123B781675F}.Release|x86.Deploy.0 = Release|x86
	EndGlobalSection
	GlobalSection(SolutionProperties) = preSolution
		HideSolutionNode = FALSE
	EndGlobalSection
	GlobalSection(ExtensibilityGlobals) = postSolution
		SolutionGuid = {F0E58AD2-F6CD-43B6-8AA7-65B2F8FA5F6C}
	EndGlobalSection
EndGlobal
